
Microsoft Visual Studio Solution File, Format Version 12.00
# Visual Studio Version 17
VisualStudioVersion = 17.0.31919.166
MinimumVisualStudioVersion = 10.0.40219.1
Project("{FAE04EC0-301F-11D3-BF4B-00C04F79EFBC}") = "IdeologyDevelopmentPlus", "IdeologyDevelopmentPlus.csproj", "{3FE75BF8-92A2-4A7F-B818-A765C23F87DF}"
EndProject
Global
	GlobalSection(SolutionConfigurationPlatforms) = preSolution
		Debug|Any CPU = Debug|Any CPU
		Release|Any CPU = Release|Any CPU
	EndGlobalSection
	GlobalSection(ProjectConfigurationPlatforms) = postSolution
		{3FE75BF8-92A2-4A7F-B818-A765C23F87DF}.Debug|Any CPU.ActiveCfg = Debug|Any CPU
		{3FE75BF8-92A2-4A7F-B818-A765C23F87DF}.Debug|Any CPU.Build.0 = Debug|Any CPU
		{3FE75BF8-92A2-4A7F-B818-A765C23F87DF}.Release|Any CPU.ActiveCfg = Release|Any CPU
		{3FE75BF8-92A2-4A7F-B818-A765C23F87DF}.Release|Any CPU.Build.0 = Release|Any CPU
	EndGlobalSection
	GlobalSection(SolutionProperties) = preSolution
		HideSolutionNode = FALSE
	EndGlobalSection
	GlobalSection(ExtensibilityGlobals) = postSolution
		SolutionGuid = {65F4812B-89F3-49C3-B071-D58E1AD10D00}
	EndGlobalSection
EndGlobal
